
Microsoft Visual Studio Solution File, Format Version 12.00
# Visual Studio Version 16
VisualStudioVersion = 16.0.31702.278
MinimumVisualStudioVersion = 10.0.40219.1
Project("{FAE04EC0-301F-11D3-BF4B-00C04F79EFBC}") = "lab1", "lab1\lab1.csproj", "{25034A53-5357-46D7-9C5E-F2695D74042E}"
EndProject
Global
	GlobalSection(SolutionConfigurationPlatforms) = preSolution
		Debug|Any CPU = Debug|Any CPU
		Release|Any CPU = Release|Any CPU
	EndGlobalSection
	GlobalSection(ProjectConfigurationPlatforms) = postSolution
		{25034A53-5357-46D7-9C5E-F2695D74042E}.Debug|Any CPU.ActiveCfg = Debug|Any CPU
		{25034A53-5357-46D7-9C5E-F2695D74042E}.Debug|Any CPU.Build.0 = Debug|Any CPU
		{25034A53-5357-46D7-9C5E-F2695D74042E}.Release|Any CPU.ActiveCfg = Release|Any CPU
		{25034A53-5357-46D7-9C5E-F2695D74042E}.Release|Any CPU.Build.0 = Release|Any CPU
	EndGlobalSection
	GlobalSection(SolutionProperties) = preSolution
		HideSolutionNode = FALSE
	EndGlobalSection
	GlobalSection(ExtensibilityGlobals) = postSolution
		SolutionGuid = {1BE2DE16-488A-405E-B1C0-11EC378A5607}
	EndGlobalSection
EndGlobal
